
Microsoft Visual Studio Solution File, Format Version 12.00
# Visual Studio 15
VisualStudioVersion = 15.0.27703.2035
MinimumVisualStudioVersion = 10.0.40219.1
Project("{FAE04EC0-301F-11D3-BF4B-00C04F79EFBC}") = "sample_3_3", "sample_3_3\sample_3_3.csproj", "{A3F333E1-66AC-4AD0-8CA5-D40F0904106C}"
EndProject
Global
	GlobalSection(SolutionConfigurationPlatforms) = preSolution
		Debug|Any CPU = Debug|Any CPU
		Release|Any CPU = Release|Any CPU
	EndGlobalSection
	GlobalSection(ProjectConfigurationPlatforms) = postSolution
		{A3F333E1-66AC-4AD0-8CA5-D40F0904106C}.Debug|Any CPU.ActiveCfg = Debug|Any CPU
		{A3F333E1-66AC-4AD0-8CA5-D40F0904106C}.Debug|Any CPU.Build.0 = Debug|Any CPU
		{A3F333E1-66AC-4AD0-8CA5-D40F0904106C}.Release|Any CPU.ActiveCfg = Release|Any CPU
		{A3F333E1-66AC-4AD0-8CA5-D40F0904106C}.Release|Any CPU.Build.0 = Release|Any CPU
	EndGlobalSection
	GlobalSection(SolutionProperties) = preSolution
		HideSolutionNode = FALSE
	EndGlobalSection
	GlobalSection(ExtensibilityGlobals) = postSolution
		SolutionGuid = {290B85F5-8D04-43B9-9987-CC9B08A86BCC}
	EndGlobalSection
EndGlobal
